{
  "name": "program2_new-backend",
  "version": "1.0.0",
  "lockfileVersion": 3,
  "requires": true,
  "packages": {
    "": {
      "name": "program2_new-backend",
      "version": "1.0.0",
      "license": "ISC",
      "dependencies": {
        "cors": "^2.8.5",
        "express": "^4.19.2",
        "js-file-download": "^0.4.12"
      },
      "devDependencies": {
        "nodemon": "^3.1.4"
      }
    }
  }
}
